
Microsoft Visual Studio Solution File, Format Version 12.00
# Visual Studio Version 17
VisualStudioVersion = 17.3.32929.385
MinimumVisualStudioVersion = 10.0.40219.1
Project("{FAE04EC0-301F-11D3-BF4B-00C04F79EFBC}") = "MVCCountriesLab", "MVCCountriesLab\MVCCountriesLab.csproj", "{DF5A5699-D5BC-4DBA-857B-D839265BD069}"
EndProject
Global
	GlobalSection(SolutionConfigurationPlatforms) = preSolution
		Debug|Any CPU = Debug|Any CPU
		Release|Any CPU = Release|Any CPU
	EndGlobalSection
	GlobalSection(ProjectConfigurationPlatforms) = postSolution
		{DF5A5699-D5BC-4DBA-857B-D839265BD069}.Debug|Any CPU.ActiveCfg = Debug|Any CPU
		{DF5A5699-D5BC-4DBA-857B-D839265BD069}.Debug|Any CPU.Build.0 = Debug|Any CPU
		{DF5A5699-D5BC-4DBA-857B-D839265BD069}.Release|Any CPU.ActiveCfg = Release|Any CPU
		{DF5A5699-D5BC-4DBA-857B-D839265BD069}.Release|Any CPU.Build.0 = Release|Any CPU
	EndGlobalSection
	GlobalSection(SolutionProperties) = preSolution
		HideSolutionNode = FALSE
	EndGlobalSection
	GlobalSection(ExtensibilityGlobals) = postSolution
		SolutionGuid = {E5C4D922-9CC8-4494-84D4-4DA0AAE40A4A}
	EndGlobalSection
EndGlobal
